
Microsoft Visual Studio Solution File, Format Version 12.00
# Visual Studio Version 17
VisualStudioVersion = 17.0.31903.59
MinimumVisualStudioVersion = 10.0.40219.1
Project("{9A19103F-16F7-4668-BE54-9A1E7A4F7556}") = "Survey.Server", "Survey\Server\Survey.Server.csproj", "{766DC31F-6C59-464B-BC58-A06A08968AF4}"
EndProject
Project("{9A19103F-16F7-4668-BE54-9A1E7A4F7556}") = "Survey.Client", "Survey\Client\Survey.Client.csproj", "{794E0620-8F4B-450E-87FF-893A51B045A3}"
EndProject
Project("{9A19103F-16F7-4668-BE54-9A1E7A4F7556}") = "Survey.Shared", "Survey\Shared\Survey.Shared.csproj", "{B96A6FEB-BBD9-4382-B01A-9B7EBD57683B}"
EndProject
Project("{2150E333-8FDC-42A3-9474-1A3956D46DE8}") = "Solution Items", "Solution Items", "{84407DAB-26E2-4AF5-951F-6ED9B15E3B19}"
	ProjectSection(SolutionItems) = preProject
		Directory.Build.props = Directory.Build.props
	EndProjectSection
EndProject
Global
	GlobalSection(SolutionConfigurationPlatforms) = preSolution
		Debug|Any CPU = Debug|Any CPU
		Release|Any CPU = Release|Any CPU
	EndGlobalSection
	GlobalSection(ProjectConfigurationPlatforms) = postSolution
		{766DC31F-6C59-464B-BC58-A06A08968AF4}.Debug|Any CPU.ActiveCfg = Debug|Any CPU
		{766DC31F-6C59-464B-BC58-A06A08968AF4}.Debug|Any CPU.Build.0 = Debug|Any CPU
		{766DC31F-6C59-464B-BC58-A06A08968AF4}.Release|Any CPU.ActiveCfg = Release|Any CPU
		{766DC31F-6C59-464B-BC58-A06A08968AF4}.Release|Any CPU.Build.0 = Release|Any CPU
		{794E0620-8F4B-450E-87FF-893A51B045A3}.Debug|Any CPU.ActiveCfg = Debug|Any CPU
		{794E0620-8F4B-450E-87FF-893A51B045A3}.Debug|Any CPU.Build.0 = Debug|Any CPU
		{794E0620-8F4B-450E-87FF-893A51B045A3}.Release|Any CPU.ActiveCfg = Release|Any CPU
		{794E0620-8F4B-450E-87FF-893A51B045A3}.Release|Any CPU.Build.0 = Release|Any CPU
		{B96A6FEB-BBD9-4382-B01A-9B7EBD57683B}.Debug|Any CPU.ActiveCfg = Debug|Any CPU
		{B96A6FEB-BBD9-4382-B01A-9B7EBD57683B}.Debug|Any CPU.Build.0 = Debug|Any CPU
		{B96A6FEB-BBD9-4382-B01A-9B7EBD57683B}.Release|Any CPU.ActiveCfg = Release|Any CPU
		{B96A6FEB-BBD9-4382-B01A-9B7EBD57683B}.Release|Any CPU.Build.0 = Release|Any CPU
	EndGlobalSection
	GlobalSection(SolutionProperties) = preSolution
		HideSolutionNode = FALSE
	EndGlobalSection
	GlobalSection(ExtensibilityGlobals) = postSolution
		SolutionGuid = {358DBCC4-D10F-4F86-A564-2495E3610953}
	EndGlobalSection
EndGlobal
